// !$*UTF8*$!
{
	archiveVersion = 1;
	classes = {
	};
	objectVersion = 50;
	objects = {

/* Begin PBXBuildFile section */
		6537F8862575E279002CD8DD /* AppDelegate.m in Sources */ = {isa = PBXBuildFile; fileRef = 6537F8852575E279002CD8DD /* AppDelegate.m */; };
		6537F8892575E279002CD8DD /* SceneDelegate.m in Sources */ = {isa = PBXBuildFile; fileRef = 6537F8882575E279002CD8DD /* SceneDelegate.m */; };
		6537F88C2575E279002CD8DD /* ViewController.m in Sources */ = {isa = PBXBuildFile; fileRef = 6537F88B2575E279002CD8DD /* ViewController.m */; };
		6537F88F2575E279002CD8DD /* Main.storyboard in Resources */ = {isa = PBXBuildFile; fileRef = 6537F88D2575E279002CD8DD /* Main.storyboard */; };
		6537F8912575E27A002CD8DD /* Assets.xcassets in Resources */ = {isa = PBXBuildFile; fileRef = 6537F8902575E27A002CD8DD /* Assets.xcassets */; };
		6537F8942575E27A002CD8DD /* LaunchScreen.storyboard in Resources */ = {isa = PBXBuildFile; fileRef = 6537F8922575E27A002CD8DD /* LaunchScreen.storyboard */; };
		6537F8972575E27A002CD8DD /* main.m in Sources */ = {isa = PBXBuildFile; fileRef = 6537F8962575E27A002CD8DD /* main.m */; };
		6537F8A12575E27A002CD8DD /* ModuleBCategoryTests.m in Sources */ = {isa = PBXBuildFile; fileRef = 6537F8A02575E27A002CD8DD /* ModuleBCategoryTests.m */; };
		6537F8AC2575E27A002CD8DD /* ModuleBCategoryUITests.m in Sources */ = {isa = PBXBuildFile; fileRef = 6537F8AB2575E27A002CD8DD /* ModuleBCategoryUITests.m */; };
/* End PBXBuildFile section */

/* Begin PBXContainerItemProxy section */
		6537F89D2575E27A002CD8DD /* PBXContainerItemProxy */ = {
			isa = PBXContainerItemProxy;
			containerPortal = 6537F8792575E279002CD8DD /* Project object */;
			proxyType = 1;
			remoteGlobalIDString = 6537F8802575E279002CD8DD;
			remoteInfo = ModuleBCategory;
		};
		6537F8A82575E27A002CD8DD /* PBXContainerItemProxy */ = {
			isa = PBXContainerItemProxy;
			containerPortal = 6537F8792575E279002CD8DD /* Project object */;
			proxyType = 1;
			remoteGlobalIDString = 6537F8802575E279002CD8DD;
			remoteInfo = ModuleBCategory;
		};
/* End PBXContainerItemProxy section */

/* Begin PBXFileReference section */
		6537F8812575E279002CD8DD /* ModuleBCategory.app */ = {isa = PBXFileReference; explicitFileType = wrapper.application; includeInIndex = 0; path = ModuleBCategory.app; sourceTree = BUILT_PRODUCTS_DIR; };
		6537F8842575E279002CD8DD /* AppDelegate.h */ = {isa = PBXFileReference; lastKnownFileType = sourcecode.c.h; path = AppDelegate.h; sourceTree = "<group>"; };
		6537F8852575E279002CD8DD /* AppDelegate.m */ = {isa = PBXFileReference; lastKnownFileType = sourcecode.c.objc; path = AppDelegate.m; sourceTree = "<group>"; };
		6537F8872575E279002CD8DD /* SceneDelegate.h */ = {isa = PBXFileReference; lastKnownFileType = sourcecode.c.h; path = SceneDelegate.h; sourceTree = "<group>"; };
		6537F8882575E279002CD8DD /* SceneDelegate.m */ = {isa = PBXFileReference; lastKnownFileType = sourcecode.c.objc; path = SceneDelegate.m; sourceTree = "<group>"; };
		6537F88A2575E279002CD8DD /* ViewController.h */ = {isa = PBXFileReference; lastKnownFileType = sourcecode.c.h; path = ViewController.h; sourceTree = "<group>"; };
		6537F88B2575E279002CD8DD /* ViewController.m */ = {isa = PBXFileReference; lastKnownFileType = sourcecode.c.objc; path = ViewController.m; sourceTree = "<group>"; };
		6537F88E2575E279002CD8DD /* Base */ = {isa = PBXFileReference; lastKnownFileType = file.storyboard; name = Base; path = Base.lproj/Main.storyboard; sourceTree = "<group>"; };
		6537F8902575E27A002CD8DD /* Assets.xcassets */ = {isa = PBXFileReference; lastKnownFileType = folder.assetcatalog; path = Assets.xcassets; sourceTree = "<group>"; };
		6537F8932575E27A002CD8DD /* Base */ = {isa = PBXFileReference; lastKnownFileType = file.storyboard; name = Base; path = Base.lproj/LaunchScreen.storyboard; sourceTree = "<group>"; };
		6537F8952575E27A002CD8DD /* Info.plist */ = {isa = PBXFileReference; lastKnownFileType = text.plist.xml; path = Info.plist; sourceTree = "<group>"; };
		6537F8962575E27A002CD8DD /* main.m */ = {isa = PBXFileReference; lastKnownFileType = sourcecode.c.objc; path = main.m; sourceTree = "<group>"; };
		6537F89C2575E27A002CD8DD /* ModuleBCategoryTests.xctest */ = {isa = PBXFileReference; explicitFileType = wrapper.cfbundle; includeInIndex = 0; path = ModuleBCategoryTests.xctest; sourceTree = BUILT_PRODUCTS_DIR; };
		6537F8A02575E27A002CD8DD /* ModuleBCategoryTests.m */ = {isa = PBXFileReference; lastKnownFileType = sourcecode.c.objc; path = ModuleBCategoryTests.m; sourceTree = "<group>"; };
		6537F8A22575E27A002CD8DD /* Info.plist */ = {isa = PBXFileReference; lastKnownFileType = text.plist.xml; path = Info.plist; sourceTree = "<group>"; };
		6537F8A72575E27A002CD8DD /* ModuleBCategoryUITests.xctest */ = {isa = PBXFileReference; explicitFileType = wrapper.cfbundle; includeInIndex = 0; path = ModuleBCategoryUITests.xctest; sourceTree = BUILT_PRODUCTS_DIR; };
		6537F8AB2575E27A002CD8DD /* ModuleBCategoryUITests.m */ = {isa = PBXFileReference; lastKnownFileType = sourcecode.c.objc; path = ModuleBCategoryUITests.m; sourceTree = "<group>"; };
		6537F8AD2575E27A002CD8DD /* Info.plist */ = {isa = PBXFileReference; lastKnownFileType = text.plist.xml; path = Info.plist; sourceTree = "<group>"; };
/* End PBXFileReference section */

/* Begin PBXFrameworksBuildPhase section */
		6537F87E2575E279002CD8DD /* Frameworks */ = {
			isa = PBXFrameworksBuildPhase;
			buildActionMask = 2147483647;
			files = (
			);
			runOnlyForDeploymentPostprocessing = 0;
		};
		6537F8992575E27A002CD8DD /* Frameworks */ = {
			isa = PBXFrameworksBuildPhase;
			buildActionMask = 2147483647;
			files = (
			);
			runOnlyForDeploymentPostprocessing = 0;
		};
		6537F8A42575E27A002CD8DD /* Frameworks */ = {
			isa = PBXFrameworksBuildPhase;
			buildActionMask = 2147483647;
			files = (
			);
			runOnlyForDeploymentPostprocessing = 0;
		};
/* End PBXFrameworksBuildPhase section */

/* Begin PBXGroup section */
		6537F8782575E279002CD8DD = {
			isa = PBXGroup;
			children = (
				6537F8832575E279002CD8DD /* ModuleBCategory */,
				6537F89F2575E27A002CD8DD /* ModuleBCategoryTests */,
				6537F8AA2575E27A002CD8DD /* ModuleBCategoryUITests */,
				6537F8822575E279002CD8DD /* Products */,
			);
			sourceTree = "<group>";
		};
		6537F8822575E279002CD8DD /* Products */ = {
			isa = PBXGroup;
			children = (
				6537F8812575E279002CD8DD /* ModuleBCategory.app */,
				6537F89C2575E27A002CD8DD /* ModuleBCategoryTests.xctest */,
				6537F8A72575E27A002CD8DD /* ModuleBCategoryUITests.xctest */,
			);
			name = Products;
			sourceTree = "<group>";
		};
		6537F8832575E279002CD8DD /* ModuleBCategory */ = {
			isa = PBXGroup;
			children = (
				6537F8842575E279002CD8DD /* AppDelegate.h */,
				6537F8852575E279002CD8DD /* AppDelegate.m */,
				6537F8872575E279002CD8DD /* SceneDelegate.h */,
				6537F8882575E279002CD8DD /* SceneDelegate.m */,
				6537F88A2575E279002CD8DD /* ViewController.h */,
				6537F88B2575E279002CD8DD /* ViewController.m */,
				6537F88D2575E279002CD8DD /* Main.storyboard */,
				6537F8902575E27A002CD8DD /* Assets.xcassets */,
				6537F8922575E27A002CD8DD /* LaunchScreen.storyboard */,
				6537F8952575E27A002CD8DD /* Info.plist */,
				6537F8962575E27A002CD8DD /* main.m */,
			);
			path = ModuleBCategory;
			sourceTree = "<group>";
		};
		6537F89F2575E27A002CD8DD /* ModuleBCategoryTests */ = {
			isa = PBXGroup;
			children = (
				6537F8A02575E27A002CD8DD /* ModuleBCategoryTests.m */,
				6537F8A22575E27A002CD8DD /* Info.plist */,
			);
			path = ModuleBCategoryTests;
			sourceTree = "<group>";
		};
		6537F8AA2575E27A002CD8DD /* ModuleBCategoryUITests */ = {
			isa = PBXGroup;
			children = (
				6537F8AB2575E27A002CD8DD /* ModuleBCategoryUITests.m */,
				6537F8AD2575E27A002CD8DD /* Info.plist */,
			);
			path = ModuleBCategoryUITests;
			sourceTree = "<group>";
		};
/* End PBXGroup section */

/* Begin PBXNativeTarget section */
		6537F8802575E279002CD8DD /* ModuleBCategory */ = {
			isa = PBXNativeTarget;
			buildConfigurationList = 6537F8B02575E27A002CD8DD /* Build configuration list for PBXNativeTarget "ModuleBCategory" */;
			buildPhases = (
				6537F87D2575E279002CD8DD /* Sources */,
				6537F87E2575E279002CD8DD /* Frameworks */,
				6537F87F2575E279002CD8DD /* Resources */,
			);
			buildRules = (
			);
			dependencies = (
			);
			name = ModuleBCategory;
			productName = ModuleBCategory;
			productReference = 6537F8812575E279002CD8DD /* ModuleBCategory.app */;
			productType = "com.apple.product-type.application";
		};
		6537F89B2575E27A002CD8DD /* ModuleBCategoryTests */ = {
			isa = PBXNativeTarget;
			buildConfigurationList = 6537F8B32575E27A002CD8DD /* Build configuration list for PBXNativeTarget "ModuleBCategoryTests" */;
			buildPhases = (
				6537F8982575E27A002CD8DD /* Sources */,
				6537F8992575E27A002CD8DD /* Frameworks */,
				6537F89A2575E27A002CD8DD /* Resources */,
			);
			buildRules = (
			);
			dependencies = (
				6537F89E2575E27A002CD8DD /* PBXTargetDependency */,
			);
			name = ModuleBCategoryTests;
			productName = ModuleBCategoryTests;
			productReference = 6537F89C2575E27A002CD8DD /* ModuleBCategoryTests.xctest */;
			productType = "com.apple.product-type.bundle.unit-test";
		};
		6537F8A62575E27A002CD8DD /* ModuleBCategoryUITests */ = {
			isa = PBXNativeTarget;
			buildConfigurationList = 6537F8B62575E27A002CD8DD /* Build configuration list for PBXNativeTarget "ModuleBCategoryUITests" */;
			buildPhases = (
				6537F8A32575E27A002CD8DD /* Sources */,
				6537F8A42575E27A002CD8DD /* Frameworks */,
				6537F8A52575E27A002CD8DD /* Resources */,
			);
			buildRules = (
			);
			dependencies = (
				6537F8A92575E27A002CD8DD /* PBXTargetDependency */,
			);
			name = ModuleBCategoryUITests;
			productName = ModuleBCategoryUITests;
			productReference = 6537F8A72575E27A002CD8DD /* ModuleBCategoryUITests.xctest */;
			productType = "com.apple.product-type.bundle.ui-testing";
		};
/* End PBXNativeTarget section */

/* Begin PBXProject section */
		6537F8792575E279002CD8DD /* Project object */ = {
			isa = PBXProject;
			attributes = {
				LastUpgradeCheck = 1170;
				ORGANIZATIONNAME = peixu;
				TargetAttributes = {
					6537F8802575E279002CD8DD = {
						CreatedOnToolsVersion = 11.7;
					};
					6537F89B2575E27A002CD8DD = {
						CreatedOnToolsVersion = 11.7;
						TestTargetID = 6537F8802575E279002CD8DD;
					};
					6537F8A62575E27A002CD8DD = {
						CreatedOnToolsVersion = 11.7;
						TestTargetID = 6537F8802575E279002CD8DD;
					};
				};
			};
			buildConfigurationList = 6537F87C2575E279002CD8DD /* Build configuration list for PBXProject "ModuleBCategory" */;
			compatibilityVersion = "Xcode 9.3";
			developmentRegion = en;
			hasScannedForEncodings = 0;
			knownRegions = (
				en,
				Base,
			);
			mainGroup = 6537F8782575E279002CD8DD;
			productRefGroup = 6537F8822575E279002CD8DD /* Products */;
			projectDirPath = "";
			projectRoot = "";
			targets = (
				6537F8802575E279002CD8DD /* ModuleBCategory */,
				6537F89B2575E27A002CD8DD /* ModuleBCategoryTests */,
				6537F8A62575E27A002CD8DD /* ModuleBCategoryUITests */,
			);
		};
/* End PBXProject section */

/* Begin PBXResourcesBuildPhase section */
		6537F87F2575E279002CD8DD /* Resources */ = {
			isa = PBXResourcesBuildPhase;
			buildActionMask = 2147483647;
			files = (
				6537F8942575E27A002CD8DD /* LaunchScreen.storyboard in Resources */,
				6537F8912575E27A002CD8DD /* Assets.xcassets in Resources */,
				6537F88F2575E279002CD8DD /* Main.storyboard in Resources */,
			);
			runOnlyForDeploymentPostprocessing = 0;
		};
		6537F89A2575E27A002CD8DD /* Resources */ = {
			isa = PBXResourcesBuildPhase;
			buildActionMask = 2147483647;
			files = (
			);
			runOnlyForDeploymentPostprocessing = 0;
		};
		6537F8A52575E27A002CD8DD /* Resources */ = {
			isa = PBXResourcesBuildPhase;
			buildActionMask = 2147483647;
			files = (
			);
			runOnlyForDeploymentPostprocessing = 0;
		};
/* End PBXResourcesBuildPhase section */

/* Begin PBXSourcesBuildPhase section */
		6537F87D2575E279002CD8DD /* Sources */ = {
			isa = PBXSourcesBuildPhase;
			buildActionMask = 2147483647;
			files = (
				6537F88C2575E279002CD8DD /* ViewController.m in Sources */,
				6537F8862575E279002CD8DD /* AppDelegate.m in Sources */,
				6537F8972575E27A002CD8DD /* main.m in Sources */,
				6537F8892575E279002CD8DD /* SceneDelegate.m in Sources */,
			);
			runOnlyForDeploymentPostprocessing = 0;
		};
		6537F8982575E27A002CD8DD /* Sources */ = {
			isa = PBXSourcesBuildPhase;
			buildActionMask = 2147483647;
			files = (
				6537F8A12575E27A002CD8DD /* ModuleBCategoryTests.m in Sources */,
			);
			runOnlyForDeploymentPostprocessing = 0;
		};
		6537F8A32575E27A002CD8DD /* Sources */ = {
			isa = PBXSourcesBuildPhase;
			buildActionMask = 2147483647;
			files = (
				6537F8AC2575E27A002CD8DD /* ModuleBCategoryUITests.m in Sources */,
			);
			runOnlyForDeploymentPostprocessing = 0;
		};
/* End PBXSourcesBuildPhase section */

/* Begin PBXTargetDependency section */
		6537F89E2575E27A002CD8DD /* PBXTargetDependency */ = {
			isa = PBXTargetDependency;
			target = 6537F8802575E279002CD8DD /* ModuleBCategory */;
			targetProxy = 6537F89D2575E27A002CD8DD /* PBXContainerItemProxy */;
		};
		6537F8A92575E27A002CD8DD /* PBXTargetDependency */ = {
			isa = PBXTargetDependency;
			target = 6537F8802575E279002CD8DD /* ModuleBCategory */;
			targetProxy = 6537F8A82575E27A002CD8DD /* PBXContainerItemProxy */;
		};
/* End PBXTargetDependency section */

/* Begin PBXVariantGroup section */
		6537F88D2575E279002CD8DD /* Main.storyboard */ = {
			isa = PBXVariantGroup;
			children = (
				6537F88E2575E279002CD8DD /* Base */,
			);
			name = Main.storyboard;
			sourceTree = "<group>";
		};
		6537F8922575E27A002CD8DD /* LaunchScreen.storyboard */ = {
			isa = PBXVariantGroup;
			children = (
				6537F8932575E27A002CD8DD /* Base */,
			);
			name = LaunchScreen.storyboard;
			sourceTree = "<group>";
		};
/* End PBXVariantGroup section */

/* Begin XCBuildConfiguration section */
		6537F8AE2575E27A002CD8DD /* Debug */ = {
			isa = XCBuildConfiguration;
			buildSettings = {
				ALWAYS_SEARCH_USER_PATHS = NO;
				CLANG_ANALYZER_NONNULL = YES;
				CLANG_ANALYZER_NUMBER_OBJECT_CONVERSION = YES_AGGRESSIVE;
				CLANG_CXX_LANGUAGE_STANDARD = "gnu++14";
				CLANG_CXX_LIBRARY = "libc++";
				CLANG_ENABLE_MODULES = YES;
				CLANG_ENABLE_OBJC_ARC = YES;
				CLANG_ENABLE_OBJC_WEAK = YES;
				CLANG_WARN_BLOCK_CAPTURE_AUTORELEASING = YES;
				CLANG_WARN_BOOL_CONVERSION = YES;
				CLANG_WARN_COMMA = YES;
				CLANG_WARN_CONSTANT_CONVERSION = YES;
				CLANG_WARN_DEPRECATED_OBJC_IMPLEMENTATIONS = YES;
				CLANG_WARN_DIRECT_OBJC_ISA_USAGE = YES_ERROR;
				CLANG_WARN_DOCUMENTATION_COMMENTS = YES;
				CLANG_WARN_EMPTY_BODY = YES;
				CLANG_WARN_ENUM_CONVERSION = YES;
				CLANG_WARN_INFINITE_RECURSION = YES;
				CLANG_WARN_INT_CONVERSION = YES;
				CLANG_WARN_NON_LITERAL_NULL_CONVERSION = YES;
				CLANG_WARN_OBJC_IMPLICIT_RETAIN_SELF = YES;
				CLANG_WARN_OBJC_LITERAL_CONVERSION = YES;
				CLANG_WARN_OBJC_ROOT_CLASS = YES_ERROR;
				CLANG_WARN_RANGE_LOOP_ANALYSIS = YES;
				CLANG_WARN_STRICT_PROTOTYPES = YES;
				CLANG_WARN_SUSPICIOUS_MOVE = YES;
				CLANG_WARN_UNGUARDED_AVAILABILITY = YES_AGGRESSIVE;
				CLANG_WARN_UNREACHABLE_CODE = YES;
				CLANG_WARN__DUPLICATE_METHOD_MATCH = YES;
				COPY_PHASE_STRIP = NO;
				DEBUG_INFORMATION_FORMAT = dwarf;
				ENABLE_STRICT_OBJC_MSGSEND = YES;
				ENABLE_TESTABILITY = YES;
				GCC_C_LANGUAGE_STANDARD = gnu11;
				GCC_DYNAMIC_NO_PIC = NO;
				GCC_NO_COMMON_BLOCKS = YES;
				GCC_OPTIMIZATION_LEVEL = 0;
				GCC_PREPROCESSOR_DEFINITIONS = (
					"DEBUG=1",
					"$(inherited)",
				);
				GCC_WARN_64_TO_32_BIT_CONVERSION = YES;
				GCC_WARN_ABOUT_RETURN_TYPE = YES_ERROR;
				GCC_WARN_UNDECLARED_SELECTOR = YES;
				GCC_WARN_UNINITIALIZED_AUTOS = YES_AGGRESSIVE;
				GCC_WARN_UNUSED_FUNCTION = YES;
				GCC_WARN_UNUSED_VARIABLE = YES;
				IPHONEOS_DEPLOYMENT_TARGET = 13.7;
				MTL_ENABLE_DEBUG_INFO = INCLUDE_SOURCE;
				MTL_FAST_MATH = YES;
				ONLY_ACTIVE_ARCH = YES;
				SDKROOT = iphoneos;
			};
			name = Debug;
		};
		6537F8AF2575E27A002CD8DD /* Release */ = {
			isa = XCBuildConfiguration;
			buildSettings = {
				ALWAYS_SEARCH_USER_PATHS = NO;
				CLANG_ANALYZER_NONNULL = YES;
				CLANG_ANALYZER_NUMBER_OBJECT_CONVERSION = YES_AGGRESSIVE;
				CLANG_CXX_LANGUAGE_STANDARD = "gnu++14";
				CLANG_CXX_LIBRARY = "libc++";
				CLANG_ENABLE_MODULES = YES;
				CLANG_ENABLE_OBJC_ARC = YES;
				CLANG_ENABLE_OBJC_WEAK = YES;
				CLANG_WARN_BLOCK_CAPTURE_AUTORELEASING = YES;
				CLANG_WARN_BOOL_CONVERSION = YES;
				CLANG_WARN_COMMA = YES;
				CLANG_WARN_CONSTANT_CONVERSION = YES;
				CLANG_WARN_DEPRECATED_OBJC_IMPLEMENTATIONS = YES;
				CLANG_WARN_DIRECT_OBJC_ISA_USAGE = YES_ERROR;
				CLANG_WARN_DOCUMENTATION_COMMENTS = YES;
				CLANG_WARN_EMPTY_BODY = YES;
				CLANG_WARN_ENUM_CONVERSION = YES;
				CLANG_WARN_INFINITE_RECURSION = YES;
				CLANG_WARN_INT_CONVERSION = YES;
				CLANG_WARN_NON_LITERAL_NULL_CONVERSION = YES;
				CLANG_WARN_OBJC_IMPLICIT_RETAIN_SELF = YES;
				CLANG_WARN_OBJC_LITERAL_CONVERSION = YES;
				CLANG_WARN_OBJC_ROOT_CLASS = YES_ERROR;
				CLANG_WARN_RANGE_LOOP_ANALYSIS = YES;
				CLANG_WARN_STRICT_PROTOTYPES = YES;
				CLANG_WARN_SUSPICIOUS_MOVE = YES;
				CLANG_WARN_UNGUARDED_AVAILABILITY = YES_AGGRESSIVE;
				CLANG_WARN_UNREACHABLE_CODE = YES;
				CLANG_WARN__DUPLICATE_METHOD_MATCH = YES;
				COPY_PHASE_STRIP = NO;
				DEBUG_INFORMATION_FORMAT = "dwarf-with-dsym";
				ENABLE_NS_ASSERTIONS = NO;
				ENABLE_STRICT_OBJC_MSGSEND = YES;
				GCC_C_LANGUAGE_STANDARD = gnu11;
				GCC_NO_COMMON_BLOCKS = YES;
				GCC_WARN_64_TO_32_BIT_CONVERSION = YES;
				GCC_WARN_ABOUT_RETURN_TYPE = YES_ERROR;
				GCC_WARN_UNDECLARED_SELECTOR = YES;
				GCC_WARN_UNINITIALIZED_AUTOS = YES_AGGRESSIVE;
				GCC_WARN_UNUSED_FUNCTION = YES;
				GCC_WARN_UNUSED_VARIABLE = YES;
				IPHONEOS_DEPLOYMENT_TARGET = 13.7;
				MTL_ENABLE_DEBUG_INFO = NO;
				MTL_FAST_MATH = YES;
				SDKROOT = iphoneos;
				VALIDATE_PRODUCT = YES;
			};
			name = Release;
		};
		6537F8B12575E27A002CD8DD /* Debug */ = {
			isa = XCBuildConfiguration;
			buildSettings = {
				ASSETCATALOG_COMPILER_APPICON_NAME = AppIcon;
				CODE_SIGN_STYLE = Automatic;
				DEVELOPMENT_TEAM = PPK3DN63AU;
				INFOPLIST_FILE = ModuleBCategory/Info.plist;
				LD_RUNPATH_SEARCH_PATHS = (
					"$(inherited)",
					"@executable_path/Frameworks",
				);
				PRODUCT_BUNDLE_IDENTIFIER = xp.test.cn.ModuleBCategory;
				PRODUCT_NAME = "$(TARGET_NAME)";
				TARGETED_DEVICE_FAMILY = "1,2";
			};
			name = Debug;
		};
		6537F8B22575E27A002CD8DD /* Release */ = {
			isa = XCBuildConfiguration;
			buildSettings = {
				ASSETCATALOG_COMPILER_APPICON_NAME = AppIcon;
				CODE_SIGN_STYLE = Automatic;
				DEVELOPMENT_TEAM = PPK3DN63AU;
				INFOPLIST_FILE = ModuleBCategory/Info.plist;
				LD_RUNPATH_SEARCH_PATHS = (
					"$(inherited)",
					"@executable_path/Frameworks",
				);
				PRODUCT_BUNDLE_IDENTIFIER = xp.test.cn.ModuleBCategory;
				PRODUCT_NAME = "$(TARGET_NAME)";
				TARGETED_DEVICE_FAMILY = "1,2";
			};
			name = Release;
		};
		6537F8B42575E27A002CD8DD /* Debug */ = {
			isa = XCBuildConfiguration;
			buildSettings = {
				BUNDLE_LOADER = "$(TEST_HOST)";
				CODE_SIGN_STYLE = Automatic;
				DEVELOPMENT_TEAM = PPK3DN63AU;
				INFOPLIST_FILE = ModuleBCategoryTests/Info.plist;
				IPHONEOS_DEPLOYMENT_TARGET = 13.7;
				LD_RUNPATH_SEARCH_PATHS = (
					"$(inherited)",
					"@executable_path/Frameworks",
					"@loader_path/Frameworks",
				);
				PRODUCT_BUNDLE_IDENTIFIER = xp.test.cn.ModuleBCategoryTests;
				PRODUCT_NAME = "$(TARGET_NAME)";
				TARGETED_DEVICE_FAMILY = "1,2";
				TEST_HOST = "$(BUILT_PRODUCTS_DIR)/ModuleBCategory.app/ModuleBCategory";
			};
			name = Debug;
		};
		6537F8B52575E27A002CD8DD /* Release */ = {
			isa = XCBuildConfiguration;
			buildSettings = {
				BUNDLE_LOADER = "$(TEST_HOST)";
				CODE_SIGN_STYLE = Automatic;
				DEVELOPMENT_TEAM = PPK3DN63AU;
				INFOPLIST_FILE = ModuleBCategoryTests/Info.plist;
				IPHONEOS_DEPLOYMENT_TARGET = 13.7;
				LD_RUNPATH_SEARCH_PATHS = (
					"$(inherited)",
					"@executable_path/Frameworks",
					"@loader_path/Frameworks",
				);
				PRODUCT_BUNDLE_IDENTIFIER = xp.test.cn.ModuleBCategoryTests;
				PRODUCT_NAME = "$(TARGET_NAME)";
				TARGETED_DEVICE_FAMILY = "1,2";
				TEST_HOST = "$(BUILT_PRODUCTS_DIR)/ModuleBCategory.app/ModuleBCategory";
			};
			name = Release;
		};
		6537F8B72575E27A002CD8DD /* Debug */ = {
			isa = XCBuildConfiguration;
			buildSettings = {
				CODE_SIGN_STYLE = Automatic;
				DEVELOPMENT_TEAM = PPK3DN63AU;
				INFOPLIST_FILE = ModuleBCategoryUITests/Info.plist;
				LD_RUNPATH_SEARCH_PATHS = (
					"$(inherited)",
					"@executable_path/Frameworks",
					"@loader_path/Frameworks",
				);
				PRODUCT_BUNDLE_IDENTIFIER = xp.test.cn.ModuleBCategoryUITests;
				PRODUCT_NAME = "$(TARGET_NAME)";
				TARGETED_DEVICE_FAMILY = "1,2";
				TEST_TARGET_NAME = ModuleBCategory;
			};
			name = Debug;
		};
		6537F8B82575E27A002CD8DD /* Release */ = {
			isa = XCBuildConfiguration;
			buildSettings = {
				CODE_SIGN_STYLE = Automatic;
				DEVELOPMENT_TEAM = PPK3DN63AU;
				INFOPLIST_FILE = ModuleBCategoryUITests/Info.plist;
				LD_RUNPATH_SEARCH_PATHS = (
					"$(inherited)",
					"@executable_path/Frameworks",
					"@loader_path/Frameworks",
				);
				PRODUCT_BUNDLE_IDENTIFIER = xp.test.cn.ModuleBCategoryUITests;
				PRODUCT_NAME = "$(TARGET_NAME)";
				TARGETED_DEVICE_FAMILY = "1,2";
				TEST_TARGET_NAME = ModuleBCategory;
			};
			name = Release;
		};
/* End XCBuildConfiguration section */

/* Begin XCConfigurationList section */
		6537F87C2575E279002CD8DD /* Build configuration list for PBXProject "ModuleBCategory" */ = {
			isa = XCConfigurationList;
			buildConfigurations = (
				6537F8AE2575E27A002CD8DD /* Debug */,
				6537F8AF2575E27A002CD8DD /* Release */,
			);
			defaultConfigurationIsVisible = 0;
			defaultConfigurationName = Release;
		};
		6537F8B02575E27A002CD8DD /* Build configuration list for PBXNativeTarget "ModuleBCategory" */ = {
			isa = XCConfigurationList;
			buildConfigurations = (
				6537F8B12575E27A002CD8DD /* Debug */,
				6537F8B22575E27A002CD8DD /* Release */,
			);
			defaultConfigurationIsVisible = 0;
			defaultConfigurationName = Release;
		};
		6537F8B32575E27A002CD8DD /* Build configuration list for PBXNativeTarget "ModuleBCategoryTests" */ = {
			isa = XCConfigurationList;
			buildConfigurations = (
				6537F8B42575E27A002CD8DD /* Debug */,
				6537F8B52575E27A002CD8DD /* Release */,
			);
			defaultConfigurationIsVisible = 0;
			defaultConfigurationName = Release;
		};
		6537F8B62575E27A002CD8DD /* Build configuration list for PBXNativeTarget "ModuleBCategoryUITests" */ = {
			isa = XCConfigurationList;
			buildConfigurations = (
				6537F8B72575E27A002CD8DD /* Debug */,
				6537F8B82575E27A002CD8DD /* Release */,
			);
			defaultConfigurationIsVisible = 0;
			defaultConfigurationName = Release;
		};
/* End XCConfigurationList section */
	};
	rootObject = 6537F8792575E279002CD8DD /* Project object */;
}
